
Microsoft Visual Studio Solution File, Format Version 12.00
Project("{FAE04EC0-301F-11D3-BF4B-00C04F79EFBC}") = "InfoNet.Domain", "InfoNet.Domain\InfoNet.Domain.csproj", "{6FB9D1E4-9DA9-4560-B135-949D47336E2E}"
EndProject
Project("{FAE04EC0-301F-11D3-BF4B-00C04F79EFBC}") = "InfoNet.Infrastructure", "InfoNet.Infrastructure\InfoNet.Infrastructure.csproj", "{53809F58-2F76-44F8-9AB1-DF2BD17A7EED}"
EndProject
Project("{FAE04EC0-301F-11D3-BF4B-00C04F79EFBC}") = "InfoNet.API", "InfoNet.API\InfoNet.API.csproj", "{0E552A28-BA29-4330-8455-7ACF9BFCBB39}"
EndProject
Global
	GlobalSection(SolutionConfigurationPlatforms) = preSolution
		Debug|Any CPU = Debug|Any CPU
		Release|Any CPU = Release|Any CPU
	EndGlobalSection
	GlobalSection(ProjectConfigurationPlatforms) = postSolution
		{6FB9D1E4-9DA9-4560-B135-949D47336E2E}.Debug|Any CPU.ActiveCfg = Debug|Any CPU
		{6FB9D1E4-9DA9-4560-B135-949D47336E2E}.Debug|Any CPU.Build.0 = Debug|Any CPU
		{6FB9D1E4-9DA9-4560-B135-949D47336E2E}.Release|Any CPU.ActiveCfg = Release|Any CPU
		{6FB9D1E4-9DA9-4560-B135-949D47336E2E}.Release|Any CPU.Build.0 = Release|Any CPU
		{53809F58-2F76-44F8-9AB1-DF2BD17A7EED}.Debug|Any CPU.ActiveCfg = Debug|Any CPU
		{53809F58-2F76-44F8-9AB1-DF2BD17A7EED}.Debug|Any CPU.Build.0 = Debug|Any CPU
		{53809F58-2F76-44F8-9AB1-DF2BD17A7EED}.Release|Any CPU.ActiveCfg = Release|Any CPU
		{53809F58-2F76-44F8-9AB1-DF2BD17A7EED}.Release|Any CPU.Build.0 = Release|Any CPU
		{0E552A28-BA29-4330-8455-7ACF9BFCBB39}.Debug|Any CPU.ActiveCfg = Debug|Any CPU
		{0E552A28-BA29-4330-8455-7ACF9BFCBB39}.Debug|Any CPU.Build.0 = Debug|Any CPU
		{0E552A28-BA29-4330-8455-7ACF9BFCBB39}.Release|Any CPU.ActiveCfg = Release|Any CPU
		{0E552A28-BA29-4330-8455-7ACF9BFCBB39}.Release|Any CPU.Build.0 = Release|Any CPU
	EndGlobalSection
EndGlobal
